// !$*UTF8*$!
{
	archiveVersion = 1;
	classes = {
	};
	objectVersion = 55;
	objects = {

/* Begin PBXBuildFile section */
		C672620D27D1F24500E8B6C3 /* AppDelegate.swift in Sources */ = {isa = PBXBuildFile; fileRef = C672620C27D1F24500E8B6C3 /* AppDelegate.swift */; };
		C672620F27D1F24500E8B6C3 /* SceneDelegate.swift in Sources */ = {isa = PBXBuildFile; fileRef = C672620E27D1F24500E8B6C3 /* SceneDelegate.swift */; };
		C672621127D1F24500E8B6C3 /* ViewController.swift in Sources */ = {isa = PBXBuildFile; fileRef = C672621027D1F24500E8B6C3 /* ViewController.swift */; };
		C672621427D1F24500E8B6C3 /* Main.storyboard in Resources */ = {isa = PBXBuildFile; fileRef = C672621227D1F24500E8B6C3 /* Main.storyboard */; };
		C672621627D1F24700E8B6C3 /* Assets.xcassets in Resources */ = {isa = PBXBuildFile; fileRef = C672621527D1F24700E8B6C3 /* Assets.xcassets */; };
		C672621927D1F24700E8B6C3 /* LaunchScreen.storyboard in Resources */ = {isa = PBXBuildFile; fileRef = C672621727D1F24700E8B6C3 /* LaunchScreen.storyboard */; };
		C672622127D1F4E200E8B6C3 /* APIKey.swift in Sources */ = {isa = PBXBuildFile; fileRef = C672622027D1F4E200E8B6C3 /* APIKey.swift */; };
		C672622527D1FBED00E8B6C3 /* Photo.swift in Sources */ = {isa = PBXBuildFile; fileRef = C672622427D1FBED00E8B6C3 /* Photo.swift */; };
		C672622727D1FC0400E8B6C3 /* API.swift in Sources */ = {isa = PBXBuildFile; fileRef = C672622627D1FC0400E8B6C3 /* API.swift */; };
		C672622A27D2083400E8B6C3 /* PhotoSection.swift in Sources */ = {isa = PBXBuildFile; fileRef = C672622927D2083400E8B6C3 /* PhotoSection.swift */; };
		C672622D27D213C300E8B6C3 /* PhotoCell.swift in Sources */ = {isa = PBXBuildFile; fileRef = C672622C27D213C300E8B6C3 /* PhotoCell.swift */; };
		C672622F27D213C800E8B6C3 /* TitleCell.swift in Sources */ = {isa = PBXBuildFile; fileRef = C672622E27D213C800E8B6C3 /* TitleCell.swift */; };
		C672623127D213CC00E8B6C3 /* LoadingCell.swift in Sources */ = {isa = PBXBuildFile; fileRef = C672623027D213CC00E8B6C3 /* LoadingCell.swift */; };
		CC8CA318DBD81D9C1EE97EFD /* Pods_ExMultiSection.framework in Frameworks */ = {isa = PBXBuildFile; fileRef = 54BF7165A1AEF047F8019799 /* Pods_ExMultiSection.framework */; };
/* End PBXBuildFile section */

/* Begin PBXFileReference section */
		54BF7165A1AEF047F8019799 /* Pods_ExMultiSection.framework */ = {isa = PBXFileReference; explicitFileType = wrapper.framework; includeInIndex = 0; path = Pods_ExMultiSection.framework; sourceTree = BUILT_PRODUCTS_DIR; };
		9EFA01BC543BBB1149EA0646 /* Pods-ExMultiSection.release.xcconfig */ = {isa = PBXFileReference; includeInIndex = 1; lastKnownFileType = text.xcconfig; name = "Pods-ExMultiSection.release.xcconfig"; path = "Target Support Files/Pods-ExMultiSection/Pods-ExMultiSection.release.xcconfig"; sourceTree = "<group>"; };
		B6B1985C5710C510994CAE50 /* Pods-ExMultiSection.debug.xcconfig */ = {isa = PBXFileReference; includeInIndex = 1; lastKnownFileType = text.xcconfig; name = "Pods-ExMultiSection.debug.xcconfig"; path = "Target Support Files/Pods-ExMultiSection/Pods-ExMultiSection.debug.xcconfig"; sourceTree = "<group>"; };
		C672620927D1F24500E8B6C3 /* ExMultiSection.app */ = {isa = PBXFileReference; explicitFileType = wrapper.application; includeInIndex = 0; path = ExMultiSection.app; sourceTree = BUILT_PRODUCTS_DIR; };
		C672620C27D1F24500E8B6C3 /* AppDelegate.swift */ = {isa = PBXFileReference; lastKnownFileType = sourcecode.swift; path = AppDelegate.swift; sourceTree = "<group>"; };
		C672620E27D1F24500E8B6C3 /* SceneDelegate.swift */ = {isa = PBXFileReference; lastKnownFileType = sourcecode.swift; path = SceneDelegate.swift; sourceTree = "<group>"; };
		C672621027D1F24500E8B6C3 /* ViewController.swift */ = {isa = PBXFileReference; lastKnownFileType = sourcecode.swift; path = ViewController.swift; sourceTree = "<group>"; };
		C672621327D1F24500E8B6C3 /* Base */ = {isa = PBXFileReference; lastKnownFileType = file.storyboard; name = Base; path = Base.lproj/Main.storyboard; sourceTree = "<group>"; };
		C672621527D1F24700E8B6C3 /* Assets.xcassets */ = {isa = PBXFileReference; lastKnownFileType = folder.assetcatalog; path = Assets.xcassets; sourceTree = "<group>"; };
		C672621827D1F24700E8B6C3 /* Base */ = {isa = PBXFileReference; lastKnownFileType = file.storyboard; name = Base; path = Base.lproj/LaunchScreen.storyboard; sourceTree = "<group>"; };
		C672621A27D1F24700E8B6C3 /* Info.plist */ = {isa = PBXFileReference; lastKnownFileType = text.plist.xml; path = Info.plist; sourceTree = "<group>"; };
		C672622027D1F4E200E8B6C3 /* APIKey.swift */ = {isa = PBXFileReference; lastKnownFileType = sourcecode.swift; path = APIKey.swift; sourceTree = "<group>"; };
		C672622427D1FBED00E8B6C3 /* Photo.swift */ = {isa = PBXFileReference; lastKnownFileType = sourcecode.swift; path = Photo.swift; sourceTree = "<group>"; };
		C672622627D1FC0400E8B6C3 /* API.swift */ = {isa = PBXFileReference; lastKnownFileType = sourcecode.swift; path = API.swift; sourceTree = "<group>"; };
		C672622927D2083400E8B6C3 /* PhotoSection.swift */ = {isa = PBXFileReference; lastKnownFileType = sourcecode.swift; path = PhotoSection.swift; sourceTree = "<group>"; };
		C672622C27D213C300E8B6C3 /* PhotoCell.swift */ = {isa = PBXFileReference; lastKnownFileType = sourcecode.swift; path = PhotoCell.swift; sourceTree = "<group>"; };
		C672622E27D213C800E8B6C3 /* TitleCell.swift */ = {isa = PBXFileReference; lastKnownFileType = sourcecode.swift; path = TitleCell.swift; sourceTree = "<group>"; };
		C672623027D213CC00E8B6C3 /* LoadingCell.swift */ = {isa = PBXFileReference; lastKnownFileType = sourcecode.swift; path = LoadingCell.swift; sourceTree = "<group>"; };
/* End PBXFileReference section */

/* Begin PBXFrameworksBuildPhase section */
		C672620627D1F24500E8B6C3 /* Frameworks */ = {
			isa = PBXFrameworksBuildPhase;
			buildActionMask = 2147483647;
			files = (
				CC8CA318DBD81D9C1EE97EFD /* Pods_ExMultiSection.framework in Frameworks */,
			);
			runOnlyForDeploymentPostprocessing = 0;
		};
/* End PBXFrameworksBuildPhase section */

/* Begin PBXGroup section */
		605B161CFF3345EC77261257 /* Pods */ = {
			isa = PBXGroup;
			children = (
				B6B1985C5710C510994CAE50 /* Pods-ExMultiSection.debug.xcconfig */,
				9EFA01BC543BBB1149EA0646 /* Pods-ExMultiSection.release.xcconfig */,
			);
			path = Pods;
			sourceTree = "<group>";
		};
		C672620027D1F24500E8B6C3 = {
			isa = PBXGroup;
			children = (
				C672620B27D1F24500E8B6C3 /* ExMultiSection */,
				C672620A27D1F24500E8B6C3 /* Products */,
				605B161CFF3345EC77261257 /* Pods */,
				F4F8708C3A80677425895301 /* Frameworks */,
			);
			sourceTree = "<group>";
		};
		C672620A27D1F24500E8B6C3 /* Products */ = {
			isa = PBXGroup;
			children = (
				C672620927D1F24500E8B6C3 /* ExMultiSection.app */,
			);
			name = Products;
			sourceTree = "<group>";
		};
		C672620B27D1F24500E8B6C3 /* ExMultiSection */ = {
			isa = PBXGroup;
			children = (
				C672622B27D213BC00E8B6C3 /* Cell */,
				C672622227D1FBDD00E8B6C3 /* Network */,
				C672620C27D1F24500E8B6C3 /* AppDelegate.swift */,
				C672620E27D1F24500E8B6C3 /* SceneDelegate.swift */,
				C672621027D1F24500E8B6C3 /* ViewController.swift */,
				C672621227D1F24500E8B6C3 /* Main.storyboard */,
				C672621527D1F24700E8B6C3 /* Assets.xcassets */,
				C672621727D1F24700E8B6C3 /* LaunchScreen.storyboard */,
				C672621A27D1F24700E8B6C3 /* Info.plist */,
			);
			path = ExMultiSection;
			sourceTree = "<group>";
		};
		C672622227D1FBDD00E8B6C3 /* Network */ = {
			isa = PBXGroup;
			children = (
				C672622827D2082A00E8B6C3 /* SectionItem */,
				C672622327D1FBE100E8B6C3 /* ResponseModel */,
				C672622627D1FC0400E8B6C3 /* API.swift */,
				C672622027D1F4E200E8B6C3 /* APIKey.swift */,
			);
			path = Network;
			sourceTree = "<group>";
		};
		C672622327D1FBE100E8B6C3 /* ResponseModel */ = {
			isa = PBXGroup;
			children = (
				C672622427D1FBED00E8B6C3 /* Photo.swift */,
			);
			path = ResponseModel;
			sourceTree = "<group>";
		};
		C672622827D2082A00E8B6C3 /* SectionItem */ = {
			isa = PBXGroup;
			children = (
				C672622927D2083400E8B6C3 /* PhotoSection.swift */,
			);
			path = SectionItem;
			sourceTree = "<group>";
		};
		C672622B27D213BC00E8B6C3 /* Cell */ = {
			isa = PBXGroup;
			children = (
				C672622C27D213C300E8B6C3 /* PhotoCell.swift */,
				C672622E27D213C800E8B6C3 /* TitleCell.swift */,
				C672623027D213CC00E8B6C3 /* LoadingCell.swift */,
			);
			path = Cell;
			sourceTree = "<group>";
		};
		F4F8708C3A80677425895301 /* Frameworks */ = {
			isa = PBXGroup;
			children = (
				54BF7165A1AEF047F8019799 /* Pods_ExMultiSection.framework */,
			);
			name = Frameworks;
			sourceTree = "<group>";
		};
/* End PBXGroup section */

/* Begin PBXNativeTarget section */
		C672620827D1F24500E8B6C3 /* ExMultiSection */ = {
			isa = PBXNativeTarget;
			buildConfigurationList = C672621D27D1F24700E8B6C3 /* Build configuration list for PBXNativeTarget "ExMultiSection" */;
			buildPhases = (
				EECDF43B4252F8DA7C9C0BAC /* [CP] Check Pods Manifest.lock */,
				C672620527D1F24500E8B6C3 /* Sources */,
				C672620627D1F24500E8B6C3 /* Frameworks */,
				C672620727D1F24500E8B6C3 /* Resources */,
				E473F450393661409272C43D /* [CP] Embed Pods Frameworks */,
			);
			buildRules = (
			);
			dependencies = (
			);
			name = ExMultiSection;
			productName = ExMultiSection;
			productReference = C672620927D1F24500E8B6C3 /* ExMultiSection.app */;
			productType = "com.apple.product-type.application";
		};
/* End PBXNativeTarget section */

/* Begin PBXProject section */
		C672620127D1F24500E8B6C3 /* Project object */ = {
			isa = PBXProject;
			attributes = {
				BuildIndependentTargetsInParallel = 1;
				LastSwiftUpdateCheck = 1320;
				LastUpgradeCheck = 1320;
				TargetAttributes = {
					C672620827D1F24500E8B6C3 = {
						CreatedOnToolsVersion = 13.2;
					};
				};
			};
			buildConfigurationList = C672620427D1F24500E8B6C3 /* Build configuration list for PBXProject "ExMultiSection" */;
			compatibilityVersion = "Xcode 13.0";
			developmentRegion = en;
			hasScannedForEncodings = 0;
			knownRegions = (
				en,
				Base,
			);
			mainGroup = C672620027D1F24500E8B6C3;
			productRefGroup = C672620A27D1F24500E8B6C3 /* Products */;
			projectDirPath = "";
			projectRoot = "";
			targets = (
				C672620827D1F24500E8B6C3 /* ExMultiSection */,
			);
		};
/* End PBXProject section */

/* Begin PBXResourcesBuildPhase section */
		C672620727D1F24500E8B6C3 /* Resources */ = {
			isa = PBXResourcesBuildPhase;
			buildActionMask = 2147483647;
			files = (
				C672621927D1F24700E8B6C3 /* LaunchScreen.storyboard in Resources */,
				C672621627D1F24700E8B6C3 /* Assets.xcassets in Resources */,
				C672621427D1F24500E8B6C3 /* Main.storyboard in Resources */,
			);
			runOnlyForDeploymentPostprocessing = 0;
		};
/* End PBXResourcesBuildPhase section */

/* Begin PBXShellScriptBuildPhase section */
		E473F450393661409272C43D /* [CP] Embed Pods Frameworks */ = {
			isa = PBXShellScriptBuildPhase;
			buildActionMask = 2147483647;
			files = (
			);
			inputFileListPaths = (
				"${PODS_ROOT}/Target Support Files/Pods-ExMultiSection/Pods-ExMultiSection-frameworks-${CONFIGURATION}-input-files.xcfilelist",
			);
			name = "[CP] Embed Pods Frameworks";
			outputFileListPaths = (
				"${PODS_ROOT}/Target Support Files/Pods-ExMultiSection/Pods-ExMultiSection-frameworks-${CONFIGURATION}-output-files.xcfilelist",
			);
			runOnlyForDeploymentPostprocessing = 0;
			shellPath = /bin/sh;
			shellScript = "\"${PODS_ROOT}/Target Support Files/Pods-ExMultiSection/Pods-ExMultiSection-frameworks.sh\"\n";
			showEnvVarsInLog = 0;
		};
		EECDF43B4252F8DA7C9C0BAC /* [CP] Check Pods Manifest.lock */ = {
			isa = PBXShellScriptBuildPhase;
			buildActionMask = 2147483647;
			files = (
			);
			inputFileListPaths = (
			);
			inputPaths = (
				"${PODS_PODFILE_DIR_PATH}/Podfile.lock",
				"${PODS_ROOT}/Manifest.lock",
			);
			name = "[CP] Check Pods Manifest.lock";
			outputFileListPaths = (
			);
			outputPaths = (
				"$(DERIVED_FILE_DIR)/Pods-ExMultiSection-checkManifestLockResult.txt",
			);
			runOnlyForDeploymentPostprocessing = 0;
			shellPath = /bin/sh;
			shellScript = "diff \"${PODS_PODFILE_DIR_PATH}/Podfile.lock\" \"${PODS_ROOT}/Manifest.lock\" > /dev/null\nif [ $? != 0 ] ; then\n    # print error to STDERR\n    echo \"error: The sandbox is not in sync with the Podfile.lock. Run 'pod install' or update your CocoaPods installation.\" >&2\n    exit 1\nfi\n# This output is used by Xcode 'outputs' to avoid re-running this script phase.\necho \"SUCCESS\" > \"${SCRIPT_OUTPUT_FILE_0}\"\n";
			showEnvVarsInLog = 0;
		};
/* End PBXShellScriptBuildPhase section */

/* Begin PBXSourcesBuildPhase section */
		C672620527D1F24500E8B6C3 /* Sources */ = {
			isa = PBXSourcesBuildPhase;
			buildActionMask = 2147483647;
			files = (
				C672621127D1F24500E8B6C3 /* ViewController.swift in Sources */,
				C672620D27D1F24500E8B6C3 /* AppDelegate.swift in Sources */,
				C672622127D1F4E200E8B6C3 /* APIKey.swift in Sources */,
				C672622F27D213C800E8B6C3 /* TitleCell.swift in Sources */,
				C672623127D213CC00E8B6C3 /* LoadingCell.swift in Sources */,
				C672620F27D1F24500E8B6C3 /* SceneDelegate.swift in Sources */,
				C672622D27D213C300E8B6C3 /* PhotoCell.swift in Sources */,
				C672622727D1FC0400E8B6C3 /* API.swift in Sources */,
				C672622527D1FBED00E8B6C3 /* Photo.swift in Sources */,
				C672622A27D2083400E8B6C3 /* PhotoSection.swift in Sources */,
			);
			runOnlyForDeploymentPostprocessing = 0;
		};
/* End PBXSourcesBuildPhase section */

/* Begin PBXVariantGroup section */
		C672621227D1F24500E8B6C3 /* Main.storyboard */ = {
			isa = PBXVariantGroup;
			children = (
				C672621327D1F24500E8B6C3 /* Base */,
			);
			name = Main.storyboard;
			sourceTree = "<group>";
		};
		C672621727D1F24700E8B6C3 /* LaunchScreen.storyboard */ = {
			isa = PBXVariantGroup;
			children = (
				C672621827D1F24700E8B6C3 /* Base */,
			);
			name = LaunchScreen.storyboard;
			sourceTree = "<group>";
		};
/* End PBXVariantGroup section */

/* Begin XCBuildConfiguration section */
		C672621B27D1F24700E8B6C3 /* Debug */ = {
			isa = XCBuildConfiguration;
			buildSettings = {
				ALWAYS_SEARCH_USER_PATHS = NO;
				CLANG_ANALYZER_NONNULL = YES;
				CLANG_ANALYZER_NUMBER_OBJECT_CONVERSION = YES_AGGRESSIVE;
				CLANG_CXX_LANGUAGE_STANDARD = "gnu++17";
				CLANG_CXX_LIBRARY = "libc++";
				CLANG_ENABLE_MODULES = YES;
				CLANG_ENABLE_OBJC_ARC = YES;
				CLANG_ENABLE_OBJC_WEAK = YES;
				CLANG_WARN_BLOCK_CAPTURE_AUTORELEASING = YES;
				CLANG_WARN_BOOL_CONVERSION = YES;
				CLANG_WARN_COMMA = YES;
				CLANG_WARN_CONSTANT_CONVERSION = YES;
				CLANG_WARN_DEPRECATED_OBJC_IMPLEMENTATIONS = YES;
				CLANG_WARN_DIRECT_OBJC_ISA_USAGE = YES_ERROR;
				CLANG_WARN_DOCUMENTATION_COMMENTS = YES;
				CLANG_WARN_EMPTY_BODY = YES;
				CLANG_WARN_ENUM_CONVERSION = YES;
				CLANG_WARN_INFINITE_RECURSION = YES;
				CLANG_WARN_INT_CONVERSION = YES;
				CLANG_WARN_NON_LITERAL_NULL_CONVERSION = YES;
				CLANG_WARN_OBJC_IMPLICIT_RETAIN_SELF = YES;
				CLANG_WARN_OBJC_LITERAL_CONVERSION = YES;
				CLANG_WARN_OBJC_ROOT_CLASS = YES_ERROR;
				CLANG_WARN_QUOTED_INCLUDE_IN_FRAMEWORK_HEADER = YES;
				CLANG_WARN_RANGE_LOOP_ANALYSIS = YES;
				CLANG_WARN_STRICT_PROTOTYPES = YES;
				CLANG_WARN_SUSPICIOUS_MOVE = YES;
				CLANG_WARN_UNGUARDED_AVAILABILITY = YES_AGGRESSIVE;
				CLANG_WARN_UNREACHABLE_CODE = YES;
				CLANG_WARN__DUPLICATE_METHOD_MATCH = YES;
				COPY_PHASE_STRIP = NO;
				DEBUG_INFORMATION_FORMAT = dwarf;
				ENABLE_STRICT_OBJC_MSGSEND = YES;
				ENABLE_TESTABILITY = YES;
				GCC_C_LANGUAGE_STANDARD = gnu11;
				GCC_DYNAMIC_NO_PIC = NO;
				GCC_NO_COMMON_BLOCKS = YES;
				GCC_OPTIMIZATION_LEVEL = 0;
				GCC_PREPROCESSOR_DEFINITIONS = (
					"DEBUG=1",
					"$(inherited)",
				);
				GCC_WARN_64_TO_32_BIT_CONVERSION = YES;
				GCC_WARN_ABOUT_RETURN_TYPE = YES_ERROR;
				GCC_WARN_UNDECLARED_SELECTOR = YES;
				GCC_WARN_UNINITIALIZED_AUTOS = YES_AGGRESSIVE;
				GCC_WARN_UNUSED_FUNCTION = YES;
				GCC_WARN_UNUSED_VARIABLE = YES;
				IPHONEOS_DEPLOYMENT_TARGET = 13;
				MTL_ENABLE_DEBUG_INFO = INCLUDE_SOURCE;
				MTL_FAST_MATH = YES;
				ONLY_ACTIVE_ARCH = YES;
				SDKROOT = iphoneos;
				SWIFT_ACTIVE_COMPILATION_CONDITIONS = DEBUG;
				SWIFT_OPTIMIZATION_LEVEL = "-Onone";
			};
			name = Debug;
		};
		C672621C27D1F24700E8B6C3 /* Release */ = {
			isa = XCBuildConfiguration;
			buildSettings = {
				ALWAYS_SEARCH_USER_PATHS = NO;
				CLANG_ANALYZER_NONNULL = YES;
				CLANG_ANALYZER_NUMBER_OBJECT_CONVERSION = YES_AGGRESSIVE;
				CLANG_CXX_LANGUAGE_STANDARD = "gnu++17";
				CLANG_CXX_LIBRARY = "libc++";
				CLANG_ENABLE_MODULES = YES;
				CLANG_ENABLE_OBJC_ARC = YES;
				CLANG_ENABLE_OBJC_WEAK = YES;
				CLANG_WARN_BLOCK_CAPTURE_AUTORELEASING = YES;
				CLANG_WARN_BOOL_CONVERSION = YES;
				CLANG_WARN_COMMA = YES;
				CLANG_WARN_CONSTANT_CONVERSION = YES;
				CLANG_WARN_DEPRECATED_OBJC_IMPLEMENTATIONS = YES;
				CLANG_WARN_DIRECT_OBJC_ISA_USAGE = YES_ERROR;
				CLANG_WARN_DOCUMENTATION_COMMENTS = YES;
				CLANG_WARN_EMPTY_BODY = YES;
				CLANG_WARN_ENUM_CONVERSION = YES;
				CLANG_WARN_INFINITE_RECURSION = YES;
				CLANG_WARN_INT_CONVERSION = YES;
				CLANG_WARN_NON_LITERAL_NULL_CONVERSION = YES;
				CLANG_WARN_OBJC_IMPLICIT_RETAIN_SELF = YES;
				CLANG_WARN_OBJC_LITERAL_CONVERSION = YES;
				CLANG_WARN_OBJC_ROOT_CLASS = YES_ERROR;
				CLANG_WARN_QUOTED_INCLUDE_IN_FRAMEWORK_HEADER = YES;
				CLANG_WARN_RANGE_LOOP_ANALYSIS = YES;
				CLANG_WARN_STRICT_PROTOTYPES = YES;
				CLANG_WARN_SUSPICIOUS_MOVE = YES;
				CLANG_WARN_UNGUARDED_AVAILABILITY = YES_AGGRESSIVE;
				CLANG_WARN_UNREACHABLE_CODE = YES;
				CLANG_WARN__DUPLICATE_METHOD_MATCH = YES;
				COPY_PHASE_STRIP = NO;
				DEBUG_INFORMATION_FORMAT = "dwarf-with-dsym";
				ENABLE_NS_ASSERTIONS = NO;
				ENABLE_STRICT_OBJC_MSGSEND = YES;
				GCC_C_LANGUAGE_STANDARD = gnu11;
				GCC_NO_COMMON_BLOCKS = YES;
				GCC_WARN_64_TO_32_BIT_CONVERSION = YES;
				GCC_WARN_ABOUT_RETURN_TYPE = YES_ERROR;
				GCC_WARN_UNDECLARED_SELECTOR = YES;
				GCC_WARN_UNINITIALIZED_AUTOS = YES_AGGRESSIVE;
				GCC_WARN_UNUSED_FUNCTION = YES;
				GCC_WARN_UNUSED_VARIABLE = YES;
				IPHONEOS_DEPLOYMENT_TARGET = 13;
				MTL_ENABLE_DEBUG_INFO = NO;
				MTL_FAST_MATH = YES;
				SDKROOT = iphoneos;
				SWIFT_COMPILATION_MODE = wholemodule;
				SWIFT_OPTIMIZATION_LEVEL = "-O";
				VALIDATE_PRODUCT = YES;
			};
			name = Release;
		};
		C672621E27D1F24700E8B6C3 /* Debug */ = {
			isa = XCBuildConfiguration;
			baseConfigurationReference = B6B1985C5710C510994CAE50 /* Pods-ExMultiSection.debug.xcconfig */;
			buildSettings = {
				ASSETCATALOG_COMPILER_APPICON_NAME = AppIcon;
				ASSETCATALOG_COMPILER_GLOBAL_ACCENT_COLOR_NAME = AccentColor;
				CODE_SIGN_STYLE = Automatic;
				CURRENT_PROJECT_VERSION = 1;
				DEVELOPMENT_TEAM = V99UMBT63A;
				GENERATE_INFOPLIST_FILE = YES;
				INFOPLIST_FILE = ExMultiSection/Info.plist;
				INFOPLIST_KEY_UIApplicationSupportsIndirectInputEvents = YES;
				INFOPLIST_KEY_UILaunchStoryboardName = LaunchScreen;
				INFOPLIST_KEY_UIMainStoryboardFile = Main;
				INFOPLIST_KEY_UISupportedInterfaceOrientations_iPad = "UIInterfaceOrientationPortrait UIInterfaceOrientationPortraitUpsideDown UIInterfaceOrientationLandscapeLeft UIInterfaceOrientationLandscapeRight";
				INFOPLIST_KEY_UISupportedInterfaceOrientations_iPhone = "UIInterfaceOrientationPortrait UIInterfaceOrientationLandscapeLeft UIInterfaceOrientationLandscapeRight";
				LD_RUNPATH_SEARCH_PATHS = (
					"$(inherited)",
					"@executable_path/Frameworks",
				);
				MARKETING_VERSION = 1.0;
				PRODUCT_BUNDLE_IDENTIFIER = com.ExMultiSection;
				PRODUCT_NAME = "$(TARGET_NAME)";
				SWIFT_EMIT_LOC_STRINGS = YES;
				SWIFT_VERSION = 5.0;
				TARGETED_DEVICE_FAMILY = "1,2";
			};
			name = Debug;
		};
		C672621F27D1F24700E8B6C3 /* Release */ = {
			isa = XCBuildConfiguration;
			baseConfigurationReference = 9EFA01BC543BBB1149EA0646 /* Pods-ExMultiSection.release.xcconfig */;
			buildSettings = {
				ASSETCATALOG_COMPILER_APPICON_NAME = AppIcon;
				ASSETCATALOG_COMPILER_GLOBAL_ACCENT_COLOR_NAME = AccentColor;
				CODE_SIGN_STYLE = Automatic;
				CURRENT_PROJECT_VERSION = 1;
				DEVELOPMENT_TEAM = V99UMBT63A;
				GENERATE_INFOPLIST_FILE = YES;
				INFOPLIST_FILE = ExMultiSection/Info.plist;
				INFOPLIST_KEY_UIApplicationSupportsIndirectInputEvents = YES;
				INFOPLIST_KEY_UILaunchStoryboardName = LaunchScreen;
				INFOPLIST_KEY_UIMainStoryboardFile = Main;
				INFOPLIST_KEY_UISupportedInterfaceOrientations_iPad = "UIInterfaceOrientationPortrait UIInterfaceOrientationPortraitUpsideDown UIInterfaceOrientationLandscapeLeft UIInterfaceOrientationLandscapeRight";
				INFOPLIST_KEY_UISupportedInterfaceOrientations_iPhone = "UIInterfaceOrientationPortrait UIInterfaceOrientationLandscapeLeft UIInterfaceOrientationLandscapeRight";
				LD_RUNPATH_SEARCH_PATHS = (
					"$(inherited)",
					"@executable_path/Frameworks",
				);
				MARKETING_VERSION = 1.0;
				PRODUCT_BUNDLE_IDENTIFIER = com.ExMultiSection;
				PRODUCT_NAME = "$(TARGET_NAME)";
				SWIFT_EMIT_LOC_STRINGS = YES;
				SWIFT_VERSION = 5.0;
				TARGETED_DEVICE_FAMILY = "1,2";
			};
			name = Release;
		};
/* End XCBuildConfiguration section */

/* Begin XCConfigurationList section */
		C672620427D1F24500E8B6C3 /* Build configuration list for PBXProject "ExMultiSection" */ = {
			isa = XCConfigurationList;
			buildConfigurations = (
				C672621B27D1F24700E8B6C3 /* Debug */,
				C672621C27D1F24700E8B6C3 /* Release */,
			);
			defaultConfigurationIsVisible = 0;
			defaultConfigurationName = Release;
		};
		C672621D27D1F24700E8B6C3 /* Build configuration list for PBXNativeTarget "ExMultiSection" */ = {
			isa = XCConfigurationList;
			buildConfigurations = (
				C672621E27D1F24700E8B6C3 /* Debug */,
				C672621F27D1F24700E8B6C3 /* Release */,
			);
			defaultConfigurationIsVisible = 0;
			defaultConfigurationName = Release;
		};
/* End XCConfigurationList section */
	};
	rootObject = C672620127D1F24500E8B6C3 /* Project object */;
}
